PODS:
  - SnapKit (5.0.1)
  - SwiftMaskDetection (0.1.1)

DEPENDENCIES:
  - SnapKit
  - SwiftMaskDetection (from `../`)

SPEC REPOS:
  trunk:
    - SnapKit

EXTERNAL SOURCES:
  SwiftMaskDetection:
    :path: "../"

SPEC CHECKSUMS:
  SnapKit: 97b92857e3df3a0c71833cce143274bf6ef8e5eb
  SwiftMaskDetection: 6d8463e3cc32d00c2e4c403e0ee01c0cba11ecfa

PODFILE CHECKSUM: 72d1c8eb42c5f3f47cc41f64736fb07d2e2b00d4

COCOAPODS: 1.9.3
